Microsoft Visual Studio Solution File, Format Version 12.00
# Visual Studio Version 17
VisualStudioVersion = 17.5.2.0
MinimumVisualStudioVersion = 10.0.40219.1
Project("{FAE04EC0-301F-11D3-BF4B-00C04F79EFBC}") = "alura-c#-primeira-aplicacao", "alura-c#-primeira-aplicacao.csproj", "{716677EA-305F-829F-0340-C31E9E057A69}"
EndProject
Global
	GlobalSection(SolutionConfigurationPlatforms) = preSolution
		Debug|Any CPU = Debug|Any CPU
		Release|Any CPU = Release|Any CPU
	EndGlobalSection
	GlobalSection(ProjectConfigurationPlatforms) = postSolution
		{716677EA-305F-829F-0340-C31E9E057A69}.Debug|Any CPU.ActiveCfg = Debug|Any CPU
		{716677EA-305F-829F-0340-C31E9E057A69}.Debug|Any CPU.Build.0 = Debug|Any CPU
		{716677EA-305F-829F-0340-C31E9E057A69}.Release|Any CPU.ActiveCfg = Release|Any CPU
		{716677EA-305F-829F-0340-C31E9E057A69}.Release|Any CPU.Build.0 = Release|Any CPU
	EndGlobalSection
	GlobalSection(SolutionProperties) = preSolution
		HideSolutionNode = FALSE
	EndGlobalSection
	GlobalSection(ExtensibilityGlobals) = postSolution
		SolutionGuid = {673D1342-D004-447C-B214-6259E74EA4D1}
	EndGlobalSection
EndGlobal
